# This file is machine-generated by `gh actions-lock`.
# Do not edit by hand; run `gh actions-lock` to update.
# Docs: https://gh.io/actions-lockfile
version: 'v0.0.2'
workflows:
    '.github/workflows/ci.yml':
        - 'actions/checkout@v4.4.0'
        - 'actions/setup-go@v5.6.0'
        - 'actions/setup-node@v4.4.0'
        - 'pnpm/action-setup@v4.3.0'
    '.github/workflows/infra.yml':
        - 'actions/checkout@v4.4.0'
        - 'actions/setup-go@v5.6.0'
        - 'actions/setup-node@v4.4.0'
        - 'hashicorp/setup-terraform@v3.1.2'
        - 'pnpm/action-setup@v4.3.0'
    '.github/workflows/release-cli.yml':
        - 'actions/checkout@v7.0.1'
        - 'actions/setup-go@v7.0.0'
        - 'goreleaser/goreleaser-action@v7.2.3'
dependencies:
    'actions/checkout@v4.4.0':
        ref: 'v4.4.0'
        commit: 'sha1-11d5960a326750d5838078e36cf38b85af677262'
        owner_id: 44036562
        repo_id: 197814629
    'actions/checkout@v7.0.1':
        ref: 'v7.0.1'
        commit: 'sha1-3d3c42e5aac5ba805825da76410c181273ba90b1'
        owner_id: 44036562
        repo_id: 197814629
    'actions/setup-go@v5.6.0':
        ref: 'v5.6.0'
        commit: 'sha1-40f1582b2485089dde7abd97c1529aa768e1baff'
        owner_id: 44036562
        repo_id: 192624594
    'actions/setup-go@v7.0.0':
        ref: 'v7.0.0'
        commit: 'sha1-b7ad1dad31e06c5925ef5d2fc7ad053ef454303e'
        owner_id: 44036562
        repo_id: 192624594
    'actions/setup-node@v4.4.0':
        ref: 'v4.4.0'
        commit: 'sha1-49933ea5288caeca8642d1e84afbd3f7d6820020'
        owner_id: 44036562
        repo_id: 189476904
    'goreleaser/goreleaser-action@v7.2.3':
        ref: 'v7.2.3'
        commit: 'sha1-f06c13b6b1a9625abc9e6e439d9c05a8f2190e94'
        owner_id: 24697112
        repo_id: 209873006
    'hashicorp/setup-terraform@v3.1.2':
        ref: 'v3.1.2'
        commit: 'sha1-b9cd54a3c349d3f38e8881555d616ced269862dd'
        owner_id: 761456
        repo_id: 258271226
    'pnpm/action-setup@v4.3.0':
        ref: 'v4.3.0'
        commit: 'sha1-b906affcce14559ad1aafd4ab0e942779e9f58b1'
        owner_id: 21320719
        repo_id: 262289747
